
Microsoft Visual Studio Solution File, Format Version 12.00
# Visual Studio Version 17
VisualStudioVersion = 17.3.32901.215
MinimumVisualStudioVersion = 10.0.40219.1
Project("{FAE04EC0-301F-11D3-BF4B-00C04F79EFBC}") = "IncedentsReg", "IncedentsReg\IncedentsReg.csproj", "{EBA78071-2AB1-4491-92D4-CB5499142EEE}"
EndProject
Global
	GlobalSection(SolutionConfigurationPlatforms) = preSolution
		Debug|Any CPU = Debug|Any CPU
		Release|Any CPU = Release|Any CPU
	EndGlobalSection
	GlobalSection(ProjectConfigurationPlatforms) = postSolution
		{EBA78071-2AB1-4491-92D4-CB5499142EEE}.Debug|Any CPU.ActiveCfg = Debug|Any CPU
		{EBA78071-2AB1-4491-92D4-CB5499142EEE}.Debug|Any CPU.Build.0 = Debug|Any CPU
		{EBA78071-2AB1-4491-92D4-CB5499142EEE}.Release|Any CPU.ActiveCfg = Release|Any CPU
		{EBA78071-2AB1-4491-92D4-CB5499142EEE}.Release|Any CPU.Build.0 = Release|Any CPU
	EndGlobalSection
	GlobalSection(SolutionProperties) = preSolution
		HideSolutionNode = FALSE
	EndGlobalSection
	GlobalSection(ExtensibilityGlobals) = postSolution
		SolutionGuid = {1D1AFA8B-63F8-4AD9-BCC7-B51F093EC588}
	EndGlobalSection
EndGlobal
